
Microsoft Visual Studio Solution File, Format Version 12.00
# Visual Studio Version 16
VisualStudioVersion = 16.0.30611.23
MinimumVisualStudioVersion = 10.0.40219.1
Project("{FAE04EC0-301F-11D3-BF4B-00C04F79EFBC}") = "CMM", "CMM\CMM.csproj", "{F2CBCB6B-D33F-47F2-8004-0B78B098C8C2}"
EndProject
Global
	GlobalSection(SolutionConfigurationPlatforms) = preSolution
		Debug|Any CPU = Debug|Any CPU
		Release|Any CPU = Release|Any CPU
	EndGlobalSection
	GlobalSection(ProjectConfigurationPlatforms) = postSolution
		{F2CBCB6B-D33F-47F2-8004-0B78B098C8C2}.Debug|Any CPU.ActiveCfg = Debug|Any CPU
		{F2CBCB6B-D33F-47F2-8004-0B78B098C8C2}.Debug|Any CPU.Build.0 = Debug|Any CPU
		{F2CBCB6B-D33F-47F2-8004-0B78B098C8C2}.Release|Any CPU.ActiveCfg = Release|Any CPU
		{F2CBCB6B-D33F-47F2-8004-0B78B098C8C2}.Release|Any CPU.Build.0 = Release|Any CPU
	EndGlobalSection
	GlobalSection(SolutionProperties) = preSolution
		HideSolutionNode = FALSE
	EndGlobalSection
	GlobalSection(ExtensibilityGlobals) = postSolution
		SolutionGuid = {C73210DA-F482-41F6-B99F-76C25D941A1E}
	EndGlobalSection
EndGlobal
